
Microsoft Visual Studio Solution File, Format Version 12.00
Project("{2150E333-8FDC-42A3-9474-1A3956D46DE8}") = "src", "src", "{9A630CC6-3E84-4835-9A6D-B0F93B852287}"
EndProject
Project("{2150E333-8FDC-42A3-9474-1A3956D46DE8}") = "Application", "Application", "{E66C469A-9BDD-4A52-9DB6-5F5D7637DA1C}"
EndProject
Project("{2150E333-8FDC-42A3-9474-1A3956D46DE8}") = "Presentation", "Presentation", "{750C5C4B-1B8F-4EAA-BB64-E0490826DB1E}"
EndProject
Project("{2150E333-8FDC-42A3-9474-1A3956D46DE8}") = "Infrastructure", "Infrastructure", "{31F342EA-BB2F-4625-AEF5-492481EA53D8}"
EndProject
Project("{2150E333-8FDC-42A3-9474-1A3956D46DE8}") = "Shared", "Shared", "{985A638E-5DDC-4BAE-B938-9BF849BF111F}"
EndProject
Project("{FAE04EC0-301F-11D3-BF4B-00C04F79EFBC}") = "BackendPruebaTecnica.Infrastructure.Shared", "BackendPruebaTecnica.Infrastructure.Shared\BackendPruebaTecnica.Infrastructure.Shared.csproj", "{46C003F8-84D9-4096-A3CF-735CE6BC4384}"
EndProject
Project("{FAE04EC0-301F-11D3-BF4B-00C04F79EFBC}") = "BackendPruebaTecnica.Presentation.Api", "BackendPruebaTecnica.Presentation.Api\BackendPruebaTecnica.Presentation.Api.csproj", "{9D453DFB-8E5E-4582-A7D8-F1D06EB33973}"
EndProject
Project("{FAE04EC0-301F-11D3-BF4B-00C04F79EFBC}") = "BackendPruebaTecnica.Application", "BackendPruebaTecnica.Application\BackendPruebaTecnica.Application.csproj", "{EC57993E-0210-49EC-B7AF-043A3544C46E}"
EndProject
Project("{2150E333-8FDC-42A3-9474-1A3956D46DE8}") = "Domain", "Domain", "{3AE2CC2D-FA73-42A8-943F-0552207C88B9}"
EndProject
Global
	GlobalSection(SolutionConfigurationPlatforms) = preSolution
		Debug|Any CPU = Debug|Any CPU
		Release|Any CPU = Release|Any CPU
	EndGlobalSection
	GlobalSection(NestedProjects) = preSolution
		{E66C469A-9BDD-4A52-9DB6-5F5D7637DA1C} = {9A630CC6-3E84-4835-9A6D-B0F93B852287}
		{750C5C4B-1B8F-4EAA-BB64-E0490826DB1E} = {9A630CC6-3E84-4835-9A6D-B0F93B852287}
		{31F342EA-BB2F-4625-AEF5-492481EA53D8} = {9A630CC6-3E84-4835-9A6D-B0F93B852287}
		{985A638E-5DDC-4BAE-B938-9BF849BF111F} = {31F342EA-BB2F-4625-AEF5-492481EA53D8}
		{46C003F8-84D9-4096-A3CF-735CE6BC4384} = {985A638E-5DDC-4BAE-B938-9BF849BF111F}
		{9D453DFB-8E5E-4582-A7D8-F1D06EB33973} = {750C5C4B-1B8F-4EAA-BB64-E0490826DB1E}
		{EC57993E-0210-49EC-B7AF-043A3544C46E} = {E66C469A-9BDD-4A52-9DB6-5F5D7637DA1C}
		{3AE2CC2D-FA73-42A8-943F-0552207C88B9} = {9A630CC6-3E84-4835-9A6D-B0F93B852287}
	EndGlobalSection
	GlobalSection(ProjectConfigurationPlatforms) = postSolution
		{46C003F8-84D9-4096-A3CF-735CE6BC4384}.Debug|Any CPU.ActiveCfg = Debug|Any CPU
		{46C003F8-84D9-4096-A3CF-735CE6BC4384}.Debug|Any CPU.Build.0 = Debug|Any CPU
		{46C003F8-84D9-4096-A3CF-735CE6BC4384}.Release|Any CPU.ActiveCfg = Release|Any CPU
		{46C003F8-84D9-4096-A3CF-735CE6BC4384}.Release|Any CPU.Build.0 = Release|Any CPU
		{9D453DFB-8E5E-4582-A7D8-F1D06EB33973}.Debug|Any CPU.ActiveCfg = Debug|Any CPU
		{9D453DFB-8E5E-4582-A7D8-F1D06EB33973}.Debug|Any CPU.Build.0 = Debug|Any CPU
		{9D453DFB-8E5E-4582-A7D8-F1D06EB33973}.Release|Any CPU.ActiveCfg = Release|Any CPU
		{9D453DFB-8E5E-4582-A7D8-F1D06EB33973}.Release|Any CPU.Build.0 = Release|Any CPU
		{EC57993E-0210-49EC-B7AF-043A3544C46E}.Debug|Any CPU.ActiveCfg = Debug|Any CPU
		{EC57993E-0210-49EC-B7AF-043A3544C46E}.Debug|Any CPU.Build.0 = Debug|Any CPU
		{EC57993E-0210-49EC-B7AF-043A3544C46E}.Release|Any CPU.ActiveCfg = Release|Any CPU
		{EC57993E-0210-49EC-B7AF-043A3544C46E}.Release|Any CPU.Build.0 = Release|Any CPU
	EndGlobalSection
EndGlobal
